
Microsoft Visual Studio Solution File, Format Version 12.00
Project("{2150E333-8FDC-42A3-9474-1A3956D46DE8}") = "shared", "shared", "{00855A9A-B43E-404D-A48E-072891AF8139}"
EndProject
Project("{2150E333-8FDC-42A3-9474-1A3956D46DE8}") = "src", "src", "{D0F60F56-18C6-4169-B27C-766897BEA42F}"
EndProject
Project("{FAE04EC0-301F-11D3-BF4B-00C04F79EFBC}") = "Luzyce.Core", "shared\src\Luzyce.Core\Luzyce.Core.csproj", "{67FDD009-6265-43F3-9ABF-3BB45EE56B96}"
EndProject
Project("{FAE04EC0-301F-11D3-BF4B-00C04F79EFBC}") = "Luzyce.Api.Core", "shared\src\Luzyce.Api.Core\Luzyce.Api.Core.csproj", "{794E0710-A453-4B15-BD3E-AFB36A063F28}"
EndProject
Project("{FAE04EC0-301F-11D3-BF4B-00C04F79EFBC}") = "Luzyce.Api.Repositories", "shared\src\Luzyce.Api.Repositories\Luzyce.Api.Repositories.csproj", "{8C60D341-06D5-4665-A033-B40CA426C07A}"
EndProject
Project("{FAE04EC0-301F-11D3-BF4B-00C04F79EFBC}") = "Luzyce.Api.Domain", "shared\src\Luzyce.Api.Domain\Luzyce.Api.Domain.csproj", "{9474344F-0757-4D73-890D-8F0D97F97999}"
EndProject
Project("{FAE04EC0-301F-11D3-BF4B-00C04F79EFBC}") = "Luzyce.Api.Db.AppDb", "shared\src\Luzyce.Api.Db.AppDb\Luzyce.Api.Db.AppDb.csproj", "{462D5C94-6AA9-41B0-98A1-FBB97796CCDD}"
EndProject
Project("{FAE04EC0-301F-11D3-BF4B-00C04F79EFBC}") = "Luzyce.Api.Db.Subiekt", "shared\src\Luzyce.Api.Db.Subiekt\Luzyce.Api.Db.Subiekt.csproj", "{9872C1CB-6CA3-4C40-AB50-F6A7C0950C8A}"
EndProject
Project("{2150E333-8FDC-42A3-9474-1A3956D46DE8}") = "apps", "apps", "{8BFF9E80-986D-4FFD-8862-D676B4BDA08D}"
EndProject
Project("{2150E333-8FDC-42A3-9474-1A3956D46DE8}") = "src", "src", "{702F9775-3649-4FD5-8CD9-33E1BB72BC65}"
EndProject
Project("{2150E333-8FDC-42A3-9474-1A3956D46DE8}") = "tests", "tests", "{3B28EA9C-1E80-47D7-AFF7-5E7BE920E672}"
EndProject
Project("{2150E333-8FDC-42A3-9474-1A3956D46DE8}") = "tests", "tests", "{E04B0B60-DDAD-4510-92FA-E1F0C4EA6364}"
EndProject
Project("{FAE04EC0-301F-11D3-BF4B-00C04F79EFBC}") = "Luzyce.Api", "apps\src\Luzyce.Api\Luzyce.Api.csproj", "{CAF4F9A2-CE4C-4955-A450-2F43B68A1017}"
EndProject
Project("{2150E333-8FDC-42A3-9474-1A3956D46DE8}") = "_Solution items", "_Solution items", "{3773A83A-FFB0-4CBC-AA1A-53FA97355F66}"
	ProjectSection(SolutionItems) = preProject
		.gitignore = .gitignore
		.editorconfig = .editorconfig
	EndProjectSection
EndProject
Project("{FAE04EC0-301F-11D3-BF4B-00C04F79EFBC}") = "Luzyce.WebApp", "apps\src\Luzyce.WebApp\Luzyce.WebApp.csproj", "{EE0CF165-E184-42AA-9B1C-20E0E7DA4428}"
EndProject
Global
	GlobalSection(SolutionConfigurationPlatforms) = preSolution
		Debug|Any CPU = Debug|Any CPU
		Release|Any CPU = Release|Any CPU
	EndGlobalSection
	GlobalSection(NestedProjects) = preSolution
		{D0F60F56-18C6-4169-B27C-766897BEA42F} = {00855A9A-B43E-404D-A48E-072891AF8139}
		{67FDD009-6265-43F3-9ABF-3BB45EE56B96} = {D0F60F56-18C6-4169-B27C-766897BEA42F}
		{794E0710-A453-4B15-BD3E-AFB36A063F28} = {D0F60F56-18C6-4169-B27C-766897BEA42F}
		{8C60D341-06D5-4665-A033-B40CA426C07A} = {D0F60F56-18C6-4169-B27C-766897BEA42F}
		{9474344F-0757-4D73-890D-8F0D97F97999} = {D0F60F56-18C6-4169-B27C-766897BEA42F}
		{462D5C94-6AA9-41B0-98A1-FBB97796CCDD} = {D0F60F56-18C6-4169-B27C-766897BEA42F}
		{9872C1CB-6CA3-4C40-AB50-F6A7C0950C8A} = {D0F60F56-18C6-4169-B27C-766897BEA42F}
		{702F9775-3649-4FD5-8CD9-33E1BB72BC65} = {8BFF9E80-986D-4FFD-8862-D676B4BDA08D}
		{3B28EA9C-1E80-47D7-AFF7-5E7BE920E672} = {00855A9A-B43E-404D-A48E-072891AF8139}
		{E04B0B60-DDAD-4510-92FA-E1F0C4EA6364} = {8BFF9E80-986D-4FFD-8862-D676B4BDA08D}
		{CAF4F9A2-CE4C-4955-A450-2F43B68A1017} = {702F9775-3649-4FD5-8CD9-33E1BB72BC65}
		{EE0CF165-E184-42AA-9B1C-20E0E7DA4428} = {702F9775-3649-4FD5-8CD9-33E1BB72BC65}
	EndGlobalSection
	GlobalSection(ProjectConfigurationPlatforms) = postSolution
		{67FDD009-6265-43F3-9ABF-3BB45EE56B96}.Debug|Any CPU.ActiveCfg = Debug|Any CPU
		{67FDD009-6265-43F3-9ABF-3BB45EE56B96}.Debug|Any CPU.Build.0 = Debug|Any CPU
		{67FDD009-6265-43F3-9ABF-3BB45EE56B96}.Release|Any CPU.ActiveCfg = Release|Any CPU
		{67FDD009-6265-43F3-9ABF-3BB45EE56B96}.Release|Any CPU.Build.0 = Release|Any CPU
		{794E0710-A453-4B15-BD3E-AFB36A063F28}.Debug|Any CPU.ActiveCfg = Debug|Any CPU
		{794E0710-A453-4B15-BD3E-AFB36A063F28}.Debug|Any CPU.Build.0 = Debug|Any CPU
		{794E0710-A453-4B15-BD3E-AFB36A063F28}.Release|Any CPU.ActiveCfg = Release|Any CPU
		{794E0710-A453-4B15-BD3E-AFB36A063F28}.Release|Any CPU.Build.0 = Release|Any CPU
		{8C60D341-06D5-4665-A033-B40CA426C07A}.Debug|Any CPU.ActiveCfg = Debug|Any CPU
		{8C60D341-06D5-4665-A033-B40CA426C07A}.Debug|Any CPU.Build.0 = Debug|Any CPU
		{8C60D341-06D5-4665-A033-B40CA426C07A}.Release|Any CPU.ActiveCfg = Release|Any CPU
		{8C60D341-06D5-4665-A033-B40CA426C07A}.Release|Any CPU.Build.0 = Release|Any CPU
		{9474344F-0757-4D73-890D-8F0D97F97999}.Debug|Any CPU.ActiveCfg = Debug|Any CPU
		{9474344F-0757-4D73-890D-8F0D97F97999}.Debug|Any CPU.Build.0 = Debug|Any CPU
		{9474344F-0757-4D73-890D-8F0D97F97999}.Release|Any CPU.ActiveCfg = Release|Any CPU
		{9474344F-0757-4D73-890D-8F0D97F97999}.Release|Any CPU.Build.0 = Release|Any CPU
		{462D5C94-6AA9-41B0-98A1-FBB97796CCDD}.Debug|Any CPU.ActiveCfg = Debug|Any CPU
		{462D5C94-6AA9-41B0-98A1-FBB97796CCDD}.Debug|Any CPU.Build.0 = Debug|Any CPU
		{462D5C94-6AA9-41B0-98A1-FBB97796CCDD}.Release|Any CPU.ActiveCfg = Release|Any CPU
		{462D5C94-6AA9-41B0-98A1-FBB97796CCDD}.Release|Any CPU.Build.0 = Release|Any CPU
		{9872C1CB-6CA3-4C40-AB50-F6A7C0950C8A}.Debug|Any CPU.ActiveCfg = Debug|Any CPU
		{9872C1CB-6CA3-4C40-AB50-F6A7C0950C8A}.Debug|Any CPU.Build.0 = Debug|Any CPU
		{9872C1CB-6CA3-4C40-AB50-F6A7C0950C8A}.Release|Any CPU.ActiveCfg = Release|Any CPU
		{9872C1CB-6CA3-4C40-AB50-F6A7C0950C8A}.Release|Any CPU.Build.0 = Release|Any CPU
		{CAF4F9A2-CE4C-4955-A450-2F43B68A1017}.Debug|Any CPU.ActiveCfg = Debug|Any CPU
		{CAF4F9A2-CE4C-4955-A450-2F43B68A1017}.Debug|Any CPU.Build.0 = Debug|Any CPU
		{CAF4F9A2-CE4C-4955-A450-2F43B68A1017}.Release|Any CPU.ActiveCfg = Release|Any CPU
		{CAF4F9A2-CE4C-4955-A450-2F43B68A1017}.Release|Any CPU.Build.0 = Release|Any CPU
		{EE0CF165-E184-42AA-9B1C-20E0E7DA4428}.Debug|Any CPU.ActiveCfg = Debug|Any CPU
		{EE0CF165-E184-42AA-9B1C-20E0E7DA4428}.Debug|Any CPU.Build.0 = Debug|Any CPU
		{EE0CF165-E184-42AA-9B1C-20E0E7DA4428}.Release|Any CPU.ActiveCfg = Release|Any CPU
		{EE0CF165-E184-42AA-9B1C-20E0E7DA4428}.Release|Any CPU.Build.0 = Release|Any CPU
	EndGlobalSection
EndGlobal
